
Microsoft Visual Studio Solution File, Format Version 12.00
Project("{FAE04EC0-301F-11D3-BF4B-00C04F79EFBC}") = "GameOfLife", "GameOfLife\GameOfLife.csproj", "{467814D3-8E91-4A50-B6BF-7F5920326653}"
EndProject
Global
	GlobalSection(SolutionConfigurationPlatforms) = preSolution
		Debug|Any CPU = Debug|Any CPU
		Release|Any CPU = Release|Any CPU
	EndGlobalSection
	GlobalSection(ProjectConfigurationPlatforms) = postSolution
		{467814D3-8E91-4A50-B6BF-7F5920326653}.Debug|Any CPU.ActiveCfg = Debug|Any CPU
		{467814D3-8E91-4A50-B6BF-7F5920326653}.Debug|Any CPU.Build.0 = Debug|Any CPU
		{467814D3-8E91-4A50-B6BF-7F5920326653}.Release|Any CPU.ActiveCfg = Release|Any CPU
		{467814D3-8E91-4A50-B6BF-7F5920326653}.Release|Any CPU.Build.0 = Release|Any CPU
	EndGlobalSection
EndGlobal
